{
  "nodes": {
    "devenv": {
      "inputs": {
        "flake-compat": "flake-compat",
        "nix": "nix",
        "nixpkgs": [
          "nixpkgs"
        ],
        "pre-commit-hooks": "pre-commit-hooks"
      },
      "locked": {
        "lastModified": 1689941025,
        "narHash": "sha256-m2EC7dvTnxK0pTUsD+phMvPp2O8DmW+bGUL0UefIQIA=",
        "owner": "cachix",
        "repo": "devenv",
        "rev": "ff78ecd88b5e8c15b274c71560f68ab431eeb94f",
        "type": "github"
      },
      "original": {
        "owner": "cachix",
        "ref": "main",
        "repo": "devenv",
        "type": "github"
      }
    },
    "flake-compat": {
      "flake": false,
      "locked": {
        "lastModified": 1673956053,
        "narHash": "sha256-4gtG9iQuiKITOjNQQeQIpoIB6b16fm+504Ch3sNKLd8=",
        "owner": "edolstra",
        "repo": "flake-compat",
        "rev": "35bb57c0c8d8b62bbfd284272c928ceb64ddbde9",
        "type": "github"
      },
      "original": {
        "owner": "edolstra",
        "repo": "flake-compat",
        "type": "github"
      }
    },
    "flake-utils": {
      "inputs": {
        "systems": "systems"
      },
      "locked": {
        "lastModified": 1685518550,
        "narHash": "sha256-o2d0KcvaXzTrPRIo0kOLV0/QXHhDQ5DTi+OxcjO8xqY=",
        "owner": "numtide",
        "repo": "flake-utils",
        "rev": "a1720a10a6cfe8234c0e93907ffe81be440f4cef",
        "type": "github"
      },
      "original": {
        "owner": "numtide",
        "repo": "flake-utils",
        "type": "github"
      }
    },
    "gitignore": {
      "inputs": {
        "nixpkgs": [
          "devenv",
          "pre-commit-hooks",
          "nixpkgs"
        ]
      },
      "locked": {
        "lastModified": 1660459072,
        "narHash": "sha256-8DFJjXG8zqoONA1vXtgeKXy68KdJL5UaXR8NtVMUbx8=",
        "owner": "hercules-ci",
        "repo": "gitignore.nix",
        "rev": "a20de23b925fd8264fd7fad6454652e142fd7f73",
        "type": "github"
      },
      "original": {
        "owner": "hercules-ci",
        "repo": "gitignore.nix",
        "type": "github"
      }
    },
    "home-manager": {
      "inputs": {
        "nixpkgs": [
          "nixpkgs"
        ]
      },
      "locked": {
        "lastModified": 1689891262,
        "narHash": "sha256-Pc4wDczbdgd6QXKJIXprgxe7L9AVDsoAkMnvm5vmpUU=",
        "owner": "nix-community",
        "repo": "home-manager",
        "rev": "ee5673246de0254186e469935909e821b8f4ec15",
        "type": "github"
      },
      "original": {
        "owner": "nix-community",
        "repo": "home-manager",
        "type": "github"
      }
    },
    "hyprland": {
      "inputs": {
        "hyprland-protocols": "hyprland-protocols",
        "nixpkgs": [
          "nixpkgs"
        ],
        "wlroots": "wlroots",
        "xdph": "xdph"
      },
      "locked": {
        "lastModified": 1689959100,
        "narHash": "sha256-pTK3YtZN32oLm0Zkm6SySX/wv/GGM49/yd7bFKdDSCM=",
        "owner": "vaxerski",
        "repo": "Hyprland",
        "rev": "27dd07f1b8f89dcf6fe29fec75fdd5c8e9bc9ec4",
        "type": "github"
      },
      "original": {
        "owner": "vaxerski",
        "repo": "Hyprland",
        "type": "github"
      }
    },
    "hyprland-protocols": {
      "inputs": {
        "nixpkgs": [
          "hyprland",
          "nixpkgs"
        ]
      },
      "locked": {
        "lastModified": 1684265364,
        "narHash": "sha256-AxNnWbthsuNx73HDQr0eBxrcE3+yfl/WsaXZqUFmkpQ=",
        "owner": "hyprwm",
        "repo": "hyprland-protocols",
        "rev": "8c279b9fb0f2b031427dc5ef4eab53f2ed835530",
        "type": "github"
      },
      "original": {
        "owner": "hyprwm",
        "repo": "hyprland-protocols",
        "type": "github"
      }
    },
    "lowdown-src": {
      "flake": false,
      "locked": {
        "lastModified": 1633514407,
        "narHash": "sha256-Dw32tiMjdK9t3ETl5fzGrutQTzh2rufgZV4A/BbxuD4=",
        "owner": "kristapsdz",
        "repo": "lowdown",
        "rev": "d2c2b44ff6c27b936ec27358a2653caaef8f73b8",
        "type": "github"
      },
      "original": {
        "owner": "kristapsdz",
        "repo": "lowdown",
        "type": "github"
      }
    },
    "nix": {
      "inputs": {
        "lowdown-src": "lowdown-src",
        "nixpkgs": [
          "devenv",
          "nixpkgs"
        ],
        "nixpkgs-regression": "nixpkgs-regression"
      },
      "locked": {
        "lastModified": 1676545802,
        "narHash": "sha256-EK4rZ+Hd5hsvXnzSzk2ikhStJnD63odF7SzsQ8CuSPU=",
        "owner": "domenkozar",
        "repo": "nix",
        "rev": "7c91803598ffbcfe4a55c44ac6d49b2cf07a527f",
        "type": "github"
      },
      "original": {
        "owner": "domenkozar",
        "ref": "relaxed-flakes",
        "repo": "nix",
        "type": "github"
      }
    },
    "nixpkgs": {
      "locked": {
        "lastModified": 1689850295,
        "narHash": "sha256-fUYf6WdQlhd2H+3aR8jST5dhFH1d0eE22aes8fNIfyk=",
        "owner": "nixos",
        "repo": "nixpkgs",
        "rev": "5df4d78d54f7a34e9ea1f84a22b4fd9baebc68d0",
        "type": "github"
      },
      "original": {
        "owner": "nixos",
        "ref": "nixos-unstable",
        "repo": "nixpkgs",
        "type": "github"
      }
    },
    "nixpkgs-regression": {
      "locked": {
        "lastModified": 1643052045,
        "narHash": "sha256-uGJ0VXIhWKGXxkeNnq4TvV3CIOkUJ3PAoLZ3HMzNVMw=",
        "owner": "NixOS",
        "repo": "nixpkgs",
        "rev": "215d4d0fd80ca5163643b03a33fde804a29cc1e2",
        "type": "github"
      },
      "original": {
        "owner": "NixOS",
        "repo": "nixpkgs",
        "rev": "215d4d0fd80ca5163643b03a33fde804a29cc1e2",
        "type": "github"
      }
    },
    "nixpkgs-stable": {
      "locked": {
        "lastModified": 1685801374,
        "narHash": "sha256-otaSUoFEMM+LjBI1XL/xGB5ao6IwnZOXc47qhIgJe8U=",
        "owner": "NixOS",
        "repo": "nixpkgs",
        "rev": "c37ca420157f4abc31e26f436c1145f8951ff373",
        "type": "github"
      },
      "original": {
        "owner": "NixOS",
        "ref": "nixos-23.05",
        "repo": "nixpkgs",
        "type": "github"
      }
    },
    "nixpkgs-unstable": {
      "locked": {
        "lastModified": 1689935543,
        "narHash": "sha256-6GQ9ib4dA/r1leC5VUpsBo0BmDvNxLjKrX1iyL+h8mc=",
        "owner": "nixos",
        "repo": "nixpkgs",
        "rev": "e43e2448161c0a2c4928abec4e16eae1516571bc",
        "type": "github"
      },
      "original": {
        "owner": "nixos",
        "ref": "nixpkgs-unstable",
        "repo": "nixpkgs",
        "type": "github"
      }
    },
    "pre-commit-hooks": {
      "inputs": {
        "flake-compat": [
          "devenv",
          "flake-compat"
        ],
        "flake-utils": "flake-utils",
        "gitignore": "gitignore",
        "nixpkgs": [
          "devenv",
          "nixpkgs"
        ],
        "nixpkgs-stable": "nixpkgs-stable"
      },
      "locked": {
        "lastModified": 1688056373,
        "narHash": "sha256-2+SDlNRTKsgo3LBRiMUcoEUb6sDViRNQhzJquZ4koOI=",
        "owner": "cachix",
        "repo": "pre-commit-hooks.nix",
        "rev": "5843cf069272d92b60c3ed9e55b7a8989c01d4c7",
        "type": "github"
      },
      "original": {
        "owner": "cachix",
        "repo": "pre-commit-hooks.nix",
        "type": "github"
      }
    },
    "root": {
      "inputs": {
        "devenv": "devenv",
        "home-manager": "home-manager",
        "hyprland": "hyprland",
        "nixpkgs": "nixpkgs",
        "nixpkgs-unstable": "nixpkgs-unstable"
      }
    },
    "systems": {
      "locked": {
        "lastModified": 1681028828,
        "narHash": "sha256-Vy1rq5AaRuLzOxct8nz4T6wlgyUR7zLU309k9mBC768=",
        "owner": "nix-systems",
        "repo": "default",
        "rev": "da67096a3b9bf56a91d16901293e51ba5b49a27e",
        "type": "github"
      },
      "original": {
        "owner": "nix-systems",
        "repo": "default",
        "type": "github"
      }
    },
    "wlroots": {
      "flake": false,
      "locked": {
        "host": "gitlab.freedesktop.org",
        "lastModified": 1689611045,
        "narHash": "sha256-3RTOlQabkNetQ4O4UzSf57JPco9VGVHhSU1ls5uKBeE=",
        "owner": "wlroots",
        "repo": "wlroots",
        "rev": "7791ffe0584c4ac13c170e1661ce33bdbd4a9b9e",
        "type": "gitlab"
      },
      "original": {
        "host": "gitlab.freedesktop.org",
        "owner": "wlroots",
        "repo": "wlroots",
        "rev": "7791ffe0584c4ac13c170e1661ce33bdbd4a9b9e",
        "type": "gitlab"
      }
    },
    "xdph": {
      "inputs": {
        "hyprland-protocols": [
          "hyprland",
          "hyprland-protocols"
        ],
        "nixpkgs": [
          "hyprland",
          "nixpkgs"
        ]
      },
      "locked": {
        "lastModified": 1685385764,
        "narHash": "sha256-r+XMyOoRXq+hlfjayb+fyi9kq2JK48TrwuNIAXqlj7U=",
        "owner": "hyprwm",
        "repo": "xdg-desktop-portal-hyprland",
        "rev": "4d9ff0c17716936e0b5ca577a39e263633901ed1",
        "type": "github"
      },
      "original": {
        "owner": "hyprwm",
        "repo": "xdg-desktop-portal-hyprland",
        "type": "github"
      }
    }
  },
  "root": "root",
  "version": 7
}
